
Microsoft Visual Studio Solution File, Format Version 12.00
# Visual Studio Version 17
VisualStudioVersion = 17.0.31903.59
MinimumVisualStudioVersion = 10.0.40219.1
Project("{FAE04EC0-301F-11D3-BF4B-00C04F79EFBC}") = "CursWork", "CursWork.csproj", "{B3627905-F3B6-4611-96B8-DB3B5E07E95C}"
EndProject
Global
	GlobalSection(SolutionConfigurationPlatforms) = preSolution
		Debug|Any CPU = Debug|Any CPU
		Release|Any CPU = Release|Any CPU
	EndGlobalSection
	GlobalSection(ProjectConfigurationPlatforms) = postSolution
		{B3627905-F3B6-4611-96B8-DB3B5E07E95C}.Debug|Any CPU.ActiveCfg = Debug|Any CPU
		{B3627905-F3B6-4611-96B8-DB3B5E07E95C}.Debug|Any CPU.Build.0 = Debug|Any CPU
		{B3627905-F3B6-4611-96B8-DB3B5E07E95C}.Release|Any CPU.ActiveCfg = Release|Any CPU
		{B3627905-F3B6-4611-96B8-DB3B5E07E95C}.Release|Any CPU.Build.0 = Release|Any CPU
	EndGlobalSection
	GlobalSection(SolutionProperties) = preSolution
		HideSolutionNode = FALSE
	EndGlobalSection
	GlobalSection(ExtensibilityGlobals) = postSolution
		SolutionGuid = {1046C073-B60A-4FD4-B9D2-CFCA460CA551}
	EndGlobalSection
EndGlobal
